
Microsoft Visual Studio Solution File, Format Version 12.00
# Visual Studio Version 17
VisualStudioVersion = 17.2.32602.215
MinimumVisualStudioVersion = 10.0.40219.1
Project("{8BC9CEB8-8B4A-11D0-8D11-00A0C91BC942}") = "15.分支循环练习", "15.分支循环练习\15.分支循环练习.vcxproj", "{2357B21D-6665-4E86-89B0-CE07BE2F1D92}"
EndProject
Global
	GlobalSection(SolutionConfigurationPlatforms) = preSolution
		Debug|x64 = Debug|x64
		Debug|x86 = Debug|x86
		Release|x64 = Release|x64
		Release|x86 = Release|x86
	EndGlobalSection
	GlobalSection(ProjectConfigurationPlatforms) = postSolution
		{2357B21D-6665-4E86-89B0-CE07BE2F1D92}.Debug|x64.ActiveCfg = Debug|x64
		{2357B21D-6665-4E86-89B0-CE07BE2F1D92}.Debug|x64.Build.0 = Debug|x64
		{2357B21D-6665-4E86-89B0-CE07BE2F1D92}.Debug|x86.ActiveCfg = Debug|Win32
		{2357B21D-6665-4E86-89B0-CE07BE2F1D92}.Debug|x86.Build.0 = Debug|Win32
		{2357B21D-6665-4E86-89B0-CE07BE2F1D92}.Release|x64.ActiveCfg = Release|x64
		{2357B21D-6665-4E86-89B0-CE07BE2F1D92}.Release|x64.Build.0 = Release|x64
		{2357B21D-6665-4E86-89B0-CE07BE2F1D92}.Release|x86.ActiveCfg = Release|Win32
		{2357B21D-6665-4E86-89B0-CE07BE2F1D92}.Release|x86.Build.0 = Release|Win32
	EndGlobalSection
	GlobalSection(SolutionProperties) = preSolution
		HideSolutionNode = FALSE
	EndGlobalSection
	GlobalSection(ExtensibilityGlobals) = postSolution
		SolutionGuid = {68077EB2-EDEF-4913-AB9B-6721B1FE282E}
	EndGlobalSection
EndGlobal
