
Microsoft Visual Studio Solution File, Format Version 12.00
# Visual Studio Version 17
VisualStudioVersion = 17.2.32602.215
MinimumVisualStudioVersion = 10.0.40219.1
Project("{8BC9CEB8-8B4A-11D0-8D11-00A0C91BC942}") = "10.操作符-2", "10.操作符-2\10.操作符-2.vcxproj", "{FEF55C64-2D60-48DF-9659-B8BA504B1531}"
EndProject
Global
	GlobalSection(SolutionConfigurationPlatforms) = preSolution
		Debug|x64 = Debug|x64
		Debug|x86 = Debug|x86
		Release|x64 = Release|x64
		Release|x86 = Release|x86
	EndGlobalSection
	GlobalSection(ProjectConfigurationPlatforms) = postSolution
		{FEF55C64-2D60-48DF-9659-B8BA504B1531}.Debug|x64.ActiveCfg = Debug|x64
		{FEF55C64-2D60-48DF-9659-B8BA504B1531}.Debug|x64.Build.0 = Debug|x64
		{FEF55C64-2D60-48DF-9659-B8BA504B1531}.Debug|x86.ActiveCfg = Debug|Win32
		{FEF55C64-2D60-48DF-9659-B8BA504B1531}.Debug|x86.Build.0 = Debug|Win32
		{FEF55C64-2D60-48DF-9659-B8BA504B1531}.Release|x64.ActiveCfg = Release|x64
		{FEF55C64-2D60-48DF-9659-B8BA504B1531}.Release|x64.Build.0 = Release|x64
		{FEF55C64-2D60-48DF-9659-B8BA504B1531}.Release|x86.ActiveCfg = Release|Win32
		{FEF55C64-2D60-48DF-9659-B8BA504B1531}.Release|x86.Build.0 = Release|Win32
	EndGlobalSection
	GlobalSection(SolutionProperties) = preSolution
		HideSolutionNode = FALSE
	EndGlobalSection
	GlobalSection(ExtensibilityGlobals) = postSolution
		SolutionGuid = {D0208C8C-B0E3-45B2-A631-A65F3B8CA2B5}
	EndGlobalSection
EndGlobal
