
Microsoft Visual Studio Solution File, Format Version 12.00
# Visual Studio Version 17
VisualStudioVersion = 17.2.32630.192
MinimumVisualStudioVersion = 10.0.40219.1
Project("{8BC9CEB8-8B4A-11D0-8D11-00A0C91BC942}") = "22.模拟实现字符串相关函数", "22.模拟实现字符串相关函数\22.模拟实现字符串相关函数.vcxproj", "{E5A408D6-4889-46ED-84EA-87D463980C03}"
EndProject
Global
	GlobalSection(SolutionConfigurationPlatforms) = preSolution
		Debug|x64 = Debug|x64
		Debug|x86 = Debug|x86
		Release|x64 = Release|x64
		Release|x86 = Release|x86
	EndGlobalSection
	GlobalSection(ProjectConfigurationPlatforms) = postSolution
		{E5A408D6-4889-46ED-84EA-87D463980C03}.Debug|x64.ActiveCfg = Debug|x64
		{E5A408D6-4889-46ED-84EA-87D463980C03}.Debug|x64.Build.0 = Debug|x64
		{E5A408D6-4889-46ED-84EA-87D463980C03}.Debug|x86.ActiveCfg = Debug|Win32
		{E5A408D6-4889-46ED-84EA-87D463980C03}.Debug|x86.Build.0 = Debug|Win32
		{E5A408D6-4889-46ED-84EA-87D463980C03}.Release|x64.ActiveCfg = Release|x64
		{E5A408D6-4889-46ED-84EA-87D463980C03}.Release|x64.Build.0 = Release|x64
		{E5A408D6-4889-46ED-84EA-87D463980C03}.Release|x86.ActiveCfg = Release|Win32
		{E5A408D6-4889-46ED-84EA-87D463980C03}.Release|x86.Build.0 = Release|Win32
	EndGlobalSection
	GlobalSection(SolutionProperties) = preSolution
		HideSolutionNode = FALSE
	EndGlobalSection
	GlobalSection(ExtensibilityGlobals) = postSolution
		SolutionGuid = {C6330970-4B53-49B5-A662-F8A3854C2EA3}
	EndGlobalSection
EndGlobal
